// !$*UTF8*$!
{
	archiveVersion = 1;
	classes = {
	};
	objectVersion = 56;
	objects = {

/* Begin PBXBuildFile section */
		FF31D2DE2B71C72800EB420C /* PokeSize.swift in Sources */ = {isa = PBXBuildFile; fileRef = FF31D2DD2B71C72800EB420C /* PokeSize.swift */; };
		FF31D2E02B71CB3F00EB420C /* OriginMark.swift in Sources */ = {isa = PBXBuildFile; fileRef = FF31D2DF2B71CB3F00EB420C /* OriginMark.swift */; };
		FF31D2E22B71CC5900EB420C /* PKM.swift in Sources */ = {isa = PBXBuildFile; fileRef = FF31D2E12B71CC5900EB420C /* PKM.swift */; };
		FF31D2E52B71CD4400EB420C /* SpeciesForm.swift in Sources */ = {isa = PBXBuildFile; fileRef = FF31D2E42B71CD4400EB420C /* SpeciesForm.swift */; };
		FF31D2E82B71CDF900EB420C /* ITrainerID.swift in Sources */ = {isa = PBXBuildFile; fileRef = FF31D2E72B71CDF900EB420C /* ITrainerID.swift */; };
		FF31D2EA2B71D04700EB420C /* ITrainerID32.swift in Sources */ = {isa = PBXBuildFile; fileRef = FF31D2E92B71D04700EB420C /* ITrainerID32.swift */; };
		FF31D2ED2B71E79F00EB420C /* EntityContext.swift in Sources */ = {isa = PBXBuildFile; fileRef = FF31D2EC2B71E79F00EB420C /* EntityContext.swift */; };
		FF31D2F12B71E8C800EB420C /* GameVersion.swift in Sources */ = {isa = PBXBuildFile; fileRef = FF31D2F02B71E8C800EB420C /* GameVersion.swift */; };
		FF31D2F32B71ED9300EB420C /* GameConsole.swift in Sources */ = {isa = PBXBuildFile; fileRef = FF31D2F22B71ED9300EB420C /* GameConsole.swift */; };
		FF31D2F82B73081A00EB420C /* Core.swift in Sources */ = {isa = PBXBuildFile; fileRef = FF31D2F72B73081A00EB420C /* Core.swift */; };
		FF31D2FA2B7309D400EB420C /* Species.swift in Sources */ = {isa = PBXBuildFile; fileRef = FF31D2F92B7309D400EB420C /* Species.swift */; };
		FF31D2FC2B730A2A00EB420C /* Ability.swift in Sources */ = {isa = PBXBuildFile; fileRef = FF31D2FB2B730A2A00EB420C /* Ability.swift */; };
		FF31D2FE2B730AA000EB420C /* Ball.swift in Sources */ = {isa = PBXBuildFile; fileRef = FF31D2FD2B730AA000EB420C /* Ball.swift */; };
		FF31D3002B730B3F00EB420C /* Gender.swift in Sources */ = {isa = PBXBuildFile; fileRef = FF31D2FF2B730B3F00EB420C /* Gender.swift */; };
		FF31D3022B730BC900EB420C /* Move.swift in Sources */ = {isa = PBXBuildFile; fileRef = FF31D3012B730BC900EB420C /* Move.swift */; };
		FF31D3042B730C1900EB420C /* MoveType.swift in Sources */ = {isa = PBXBuildFile; fileRef = FF31D3032B730C1900EB420C /* MoveType.swift */; };
		FF31D3062B731E2A00EB420C /* Nature.swift in Sources */ = {isa = PBXBuildFile; fileRef = FF31D3052B731E2A00EB420C /* Nature.swift */; };
		FF31D30A2B73224200EB420C /* Region.swift in Sources */ = {isa = PBXBuildFile; fileRef = FF31D3092B73224200EB420C /* Region.swift */; };
		FF31D30C2B7322A400EB420C /* LanguageID.swift in Sources */ = {isa = PBXBuildFile; fileRef = FF31D30B2B7322A400EB420C /* LanguageID.swift */; };
		FF31D3122B746A2300EB420C /* ComboItem.swift in Sources */ = {isa = PBXBuildFile; fileRef = FF31D3112B746A2300EB420C /* ComboItem.swift */; };
		FF31D3142B746BB400EB420C /* IBasicStrings.swift in Sources */ = {isa = PBXBuildFile; fileRef = FF31D3132B746BB400EB420C /* IBasicStrings.swift */; };
		FF31D3172B746FE800EB420C /* ProgramLanguage.swift in Sources */ = {isa = PBXBuildFile; fileRef = FF31D3162B746FE800EB420C /* ProgramLanguage.swift */; };
		FF31D3192B74703700EB420C /* GameStrings.swift in Sources */ = {isa = PBXBuildFile; fileRef = FF31D3182B74703700EB420C /* GameStrings.swift */; };
		FF31D31B2B7470A600EB420C /* GameLanguage.swift in Sources */ = {isa = PBXBuildFile; fileRef = FF31D31A2B7470A600EB420C /* GameLanguage.swift */; };
		FF31D31F2B74777700EB420C /* ResourceUtil.swift in Sources */ = {isa = PBXBuildFile; fileRef = FF31D31E2B74777700EB420C /* ResourceUtil.swift */; };
		FF31D3212B747CAB00EB420C /* Resources in Resources */ = {isa = PBXBuildFile; fileRef = FF31D3202B747CAB00EB420C /* Resources */; };
		FF31D3232B74838500EB420C /* Lock.swift in Sources */ = {isa = PBXBuildFile; fileRef = FF31D3222B74838500EB420C /* Lock.swift */; };
		FF31D3262B796FBE00EB420C /* ILocationSet.swift in Sources */ = {isa = PBXBuildFile; fileRef = FF31D3252B796FBE00EB420C /* ILocationSet.swift */; };
		FF31D3282B79721B00EB420C /* LocationSet0.swift in Sources */ = {isa = PBXBuildFile; fileRef = FF31D3272B79721B00EB420C /* LocationSet0.swift */; };
		FF31D32A2B79750600EB420C /* LocationSet4.swift in Sources */ = {isa = PBXBuildFile; fileRef = FF31D3292B79750600EB420C /* LocationSet4.swift */; };
		FF31D32C2B79762300EB420C /* LocationSet6.swift in Sources */ = {isa = PBXBuildFile; fileRef = FF31D32B2B79762300EB420C /* LocationSet6.swift */; };
		FF31D32F2B79CC3900EB420C /* Locations.swift in Sources */ = {isa = PBXBuildFile; fileRef = FF31D32E2B79CC3900EB420C /* Locations.swift */; };
		FF31D3312B7B0A5000EB420C /* Locations4.swift in Sources */ = {isa = PBXBuildFile; fileRef = FF31D3302B7B0A5000EB420C /* Locations4.swift */; };
		FF31D3332B7B0D8800EB420C /* Locations5.swift in Sources */ = {isa = PBXBuildFile; fileRef = FF31D3322B7B0D8800EB420C /* Locations5.swift */; };
		FF31D3352B82762500EB420C /* Locations6.swift in Sources */ = {isa = PBXBuildFile; fileRef = FF31D3342B82762500EB420C /* Locations6.swift */; };
		FF31D3372B82777100EB420C /* Locations7.swift in Sources */ = {isa = PBXBuildFile; fileRef = FF31D3362B82777100EB420C /* Locations7.swift */; };
		FF31D3392B82782400EB420C /* Locations7b.swift in Sources */ = {isa = PBXBuildFile; fileRef = FF31D3382B82782400EB420C /* Locations7b.swift */; };
		FF31D33B2B8278C400EB420C /* Locations8.swift in Sources */ = {isa = PBXBuildFile; fileRef = FF31D33A2B8278C400EB420C /* Locations8.swift */; };
		FF31D33D2B8279E800EB420C /* Locations8a.swift in Sources */ = {isa = PBXBuildFile; fileRef = FF31D33C2B8279E800EB420C /* Locations8a.swift */; };
		FF31D33F2B827AB200EB420C /* Locations8b.swift in Sources */ = {isa = PBXBuildFile; fileRef = FF31D33E2B827AB200EB420C /* Locations8b.swift */; };
		FF31D3412B827B7D00EB420C /* Locations9.swift in Sources */ = {isa = PBXBuildFile; fileRef = FF31D3402B827B7D00EB420C /* Locations9.swift */; };
		FF31D3432B827C9100EB420C /* LocationsHOME.swift in Sources */ = {isa = PBXBuildFile; fileRef = FF31D3422B827C9100EB420C /* LocationsHOME.swift */; };
		FF31D3452B82863F00EB420C /* LocationRemapState.swift in Sources */ = {isa = PBXBuildFile; fileRef = FF31D3442B82863F00EB420C /* LocationRemapState.swift */; };
		FF31D3482B82897A00EB420C /* HeldItemLumpImage.swift in Sources */ = {isa = PBXBuildFile; fileRef = FF31D3472B82897A00EB420C /* HeldItemLumpImage.swift */; };
		FF31D34A2B858A4100EB420C /* IItemStorage.swift in Sources */ = {isa = PBXBuildFile; fileRef = FF31D3492B858A4100EB420C /* IItemStorage.swift */; };
		FF31D34F2B858AD300EB420C /* InventoryType.swift in Sources */ = {isa = PBXBuildFile; fileRef = FF31D34E2B858AD300EB420C /* InventoryType.swift */; };
		FF31D3512B85AA4300EB420C /* ItemStorage1.swift in Sources */ = {isa = PBXBuildFile; fileRef = FF31D3502B85AA4300EB420C /* ItemStorage1.swift */; };
		FF31D3532B85AAED00EB420C /* ItemStorage2.swift in Sources */ = {isa = PBXBuildFile; fileRef = FF31D3522B85AAED00EB420C /* ItemStorage2.swift */; };
		FF31D35D2B86E70300EB420C /* ItemStorage3.swift in Sources */ = {isa = PBXBuildFile; fileRef = FF31D35C2B86E70300EB420C /* ItemStorage3.swift */; };
		FF31D35F2B86EF9600EB420C /* ItemStorage4.swift in Sources */ = {isa = PBXBuildFile; fileRef = FF31D35E2B86EF9600EB420C /* ItemStorage4.swift */; };
		FF4A9D5C2B71BD1E00C4B5F5 /* PKHeXMacApp.swift in Sources */ = {isa = PBXBuildFile; fileRef = FF4A9D5B2B71BD1E00C4B5F5 /* PKHeXMacApp.swift */; };
		FF4A9D5E2B71BD1E00C4B5F5 /* ContentView.swift in Sources */ = {isa = PBXBuildFile; fileRef = FF4A9D5D2B71BD1E00C4B5F5 /* ContentView.swift */; };
		FF4A9D602B71BD1F00C4B5F5 /* Assets.xcassets in Resources */ = {isa = PBXBuildFile; fileRef = FF4A9D5F2B71BD1F00C4B5F5 /* Assets.xcassets */; };
		FF4A9D632B71BD1F00C4B5F5 /* Preview Assets.xcassets in Resources */ = {isa = PBXBuildFile; fileRef = FF4A9D622B71BD1F00C4B5F5 /* Preview Assets.xcassets */; };
		FF4A9D6E2B71BD5E00C4B5F5 /* PokeSizeDetailed.swift in Sources */ = {isa = PBXBuildFile; fileRef = FF4A9D6D2B71BD5E00C4B5F5 /* PokeSizeDetailed.swift */; };
		FF4A9D702B71C0B000C4B5F5 /* AlcremieDecoration.swift in Sources */ = {isa = PBXBuildFile; fileRef = FF4A9D6F2B71C0B000C4B5F5 /* AlcremieDecoration.swift */; };
		FF4A9D722B71C17E00C4B5F5 /* GroundTileType.swift in Sources */ = {isa = PBXBuildFile; fileRef = FF4A9D712B71C17E00C4B5F5 /* GroundTileType.swift */; };
		FF5067FC2B8A422000DF64A8 /* ItemStorage5.swift in Sources */ = {isa = PBXBuildFile; fileRef = FF5067FB2B8A422000DF64A8 /* ItemStorage5.swift */; };
		FF5067FE2B8A4C1900DF64A8 /* ItemStorage6.swift in Sources */ = {isa = PBXBuildFile; fileRef = FF5067FD2B8A4C1900DF64A8 /* ItemStorage6.swift */; };
		FF5068002B8A50F000DF64A8 /* ItemStorage7GG.swift in Sources */ = {isa = PBXBuildFile; fileRef = FF5067FF2B8A50F000DF64A8 /* ItemStorage7GG.swift */; };
		FF5068022B9132F500DF64A8 /* ItemStorage7.swift in Sources */ = {isa = PBXBuildFile; fileRef = FF5068012B9132F500DF64A8 /* ItemStorage7.swift */; };
		FF5068042B9139E800DF64A8 /* ItemStorage8BDSP.swift in Sources */ = {isa = PBXBuildFile; fileRef = FF5068032B9139E800DF64A8 /* ItemStorage8BDSP.swift */; };
		FF5068062B913DB600DF64A8 /* ItemStorage8LA.swift in Sources */ = {isa = PBXBuildFile; fileRef = FF5068052B913DB600DF64A8 /* ItemStorage8LA.swift */; };
		FF5068082B913E9900DF64A8 /* ItemStorage8SWSH.swift in Sources */ = {isa = PBXBuildFile; fileRef = FF5068072B913E9900DF64A8 /* ItemStorage8SWSH.swift */; };
		FF50680A2B91434F00DF64A8 /* ItemStorage9.swift in Sources */ = {isa = PBXBuildFile; fileRef = FF5068092B91434F00DF64A8 /* ItemStorage9.swift */; };
		FF50680C2B91776000DF64A8 /* Breeding.swift in Sources */ = {isa = PBXBuildFile; fileRef = FF50680B2B91776000DF64A8 /* Breeding.swift */; };
		FF50680F2B918E6600DF64A8 /* SpeciesCategory.swift in Sources */ = {isa = PBXBuildFile; fileRef = FF50680E2B918E6600DF64A8 /* SpeciesCategory.swift */; };
		FF5068112B91920400DF64A8 /* FormChange.swift in Sources */ = {isa = PBXBuildFile; fileRef = FF5068102B91920400DF64A8 /* FormChange.swift */; };
		FF5068162B91943400DF64A8 /* LearnOption.swift in Sources */ = {isa = PBXBuildFile; fileRef = FF5068152B91943400DF64A8 /* LearnOption.swift */; };
		FF5068182B92C0A700DF64A8 /* FormInfo.swift in Sources */ = {isa = PBXBuildFile; fileRef = FF5068172B92C0A700DF64A8 /* FormInfo.swift */; };
		FF50681C2B92D19600DF64A8 /* IPersonalFormInfo.swift in Sources */ = {isa = PBXBuildFile; fileRef = FF50681B2B92D19600DF64A8 /* IPersonalFormInfo.swift */; };
		FF50681E2B92D2DF00DF64A8 /* FormItem.swift in Sources */ = {isa = PBXBuildFile; fileRef = FF50681D2B92D2DF00DF64A8 /* FormItem.swift */; };
		FF5068202B92D71900DF64A8 /* MystryMew.swift in Sources */ = {isa = PBXBuildFile; fileRef = FF50681F2B92D71900DF64A8 /* MystryMew.swift */; };
		FF5068232B92D7AE00DF64A8 /* PIDType.swift in Sources */ = {isa = PBXBuildFile; fileRef = FF5068222B92D7AE00DF64A8 /* PIDType.swift */; };
		FF5068262B92DD6400DF64A8 /* LCRNG.swift in Sources */ = {isa = PBXBuildFile; fileRef = FF5068252B92DD6400DF64A8 /* LCRNG.swift */; };
/* End PBXBuildFile section */

/* Begin PBXFileReference section */
		FF31D2DD2B71C72800EB420C /* PokeSize.swift */ = {isa = PBXFileReference; lastKnownFileType = sourcecode.swift; path = PokeSize.swift; sourceTree = "<group>"; };
		FF31D2DF2B71CB3F00EB420C /* OriginMark.swift */ = {isa = PBXFileReference; lastKnownFileType = sourcecode.swift; path = OriginMark.swift; sourceTree = "<group>"; };
		FF31D2E12B71CC5900EB420C /* PKM.swift */ = {isa = PBXFileReference; lastKnownFileType = sourcecode.swift; path = PKM.swift; sourceTree = "<group>"; };
		FF31D2E42B71CD4400EB420C /* SpeciesForm.swift */ = {isa = PBXFileReference; lastKnownFileType = sourcecode.swift; path = SpeciesForm.swift; sourceTree = "<group>"; };
		FF31D2E72B71CDF900EB420C /* ITrainerID.swift */ = {isa = PBXFileReference; lastKnownFileType = sourcecode.swift; path = ITrainerID.swift; sourceTree = "<group>"; };
		FF31D2E92B71D04700EB420C /* ITrainerID32.swift */ = {isa = PBXFileReference; lastKnownFileType = sourcecode.swift; path = ITrainerID32.swift; sourceTree = "<group>"; };
		FF31D2EC2B71E79F00EB420C /* EntityContext.swift */ = {isa = PBXFileReference; lastKnownFileType = sourcecode.swift; path = EntityContext.swift; sourceTree = "<group>"; };
		FF31D2F02B71E8C800EB420C /* GameVersion.swift */ = {isa = PBXFileReference; lastKnownFileType = sourcecode.swift; path = GameVersion.swift; sourceTree = "<group>"; };
		FF31D2F22B71ED9300EB420C /* GameConsole.swift */ = {isa = PBXFileReference; lastKnownFileType = sourcecode.swift; path = GameConsole.swift; sourceTree = "<group>"; };
		FF31D2F72B73081A00EB420C /* Core.swift */ = {isa = PBXFileReference; lastKnownFileType = sourcecode.swift; path = Core.swift; sourceTree = "<group>"; };
		FF31D2F92B7309D400EB420C /* Species.swift */ = {isa = PBXFileReference; lastKnownFileType = sourcecode.swift; path = Species.swift; sourceTree = "<group>"; };
		FF31D2FB2B730A2A00EB420C /* Ability.swift */ = {isa = PBXFileReference; lastKnownFileType = sourcecode.swift; path = Ability.swift; sourceTree = "<group>"; };
		FF31D2FD2B730AA000EB420C /* Ball.swift */ = {isa = PBXFileReference; lastKnownFileType = sourcecode.swift; path = Ball.swift; sourceTree = "<group>"; };
		FF31D2FF2B730B3F00EB420C /* Gender.swift */ = {isa = PBXFileReference; lastKnownFileType = sourcecode.swift; path = Gender.swift; sourceTree = "<group>"; };
		FF31D3012B730BC900EB420C /* Move.swift */ = {isa = PBXFileReference; lastKnownFileType = sourcecode.swift; path = Move.swift; sourceTree = "<group>"; };
		FF31D3032B730C1900EB420C /* MoveType.swift */ = {isa = PBXFileReference; lastKnownFileType = sourcecode.swift; path = MoveType.swift; sourceTree = "<group>"; };
		FF31D3052B731E2A00EB420C /* Nature.swift */ = {isa = PBXFileReference; lastKnownFileType = sourcecode.swift; path = Nature.swift; sourceTree = "<group>"; };
		FF31D3092B73224200EB420C /* Region.swift */ = {isa = PBXFileReference; lastKnownFileType = sourcecode.swift; path = Region.swift; sourceTree = "<group>"; };
		FF31D30B2B7322A400EB420C /* LanguageID.swift */ = {isa = PBXFileReference; lastKnownFileType = sourcecode.swift; path = LanguageID.swift; sourceTree = "<group>"; };
		FF31D3102B74499900EB420C /* Progress.md */ = {isa = PBXFileReference; lastKnownFileType = net.daringfireball.markdown; path = Progress.md; sourceTree = "<group>"; };
		FF31D3112B746A2300EB420C /* ComboItem.swift */ = {isa = PBXFileReference; lastKnownFileType = sourcecode.swift; path = ComboItem.swift; sourceTree = "<group>"; };
		FF31D3132B746BB400EB420C /* IBasicStrings.swift */ = {isa = PBXFileReference; lastKnownFileType = sourcecode.swift; path = IBasicStrings.swift; sourceTree = "<group>"; };
		FF31D3162B746FE800EB420C /* ProgramLanguage.swift */ = {isa = PBXFileReference; lastKnownFileType = sourcecode.swift; path = ProgramLanguage.swift; sourceTree = "<group>"; };
		FF31D3182B74703700EB420C /* GameStrings.swift */ = {isa = PBXFileReference; lastKnownFileType = sourcecode.swift; path = GameStrings.swift; sourceTree = "<group>"; };
		FF31D31A2B7470A600EB420C /* GameLanguage.swift */ = {isa = PBXFileReference; lastKnownFileType = sourcecode.swift; path = GameLanguage.swift; sourceTree = "<group>"; };
		FF31D31E2B74777700EB420C /* ResourceUtil.swift */ = {isa = PBXFileReference; lastKnownFileType = sourcecode.swift; path = ResourceUtil.swift; sourceTree = "<group>"; };
		FF31D3202B747CAB00EB420C /* Resources */ = {isa = PBXFileReference; lastKnownFileType = folder; path = Resources; sourceTree = "<group>"; };
		FF31D3222B74838500EB420C /* Lock.swift */ = {isa = PBXFileReference; lastKnownFileType = sourcecode.swift; path = Lock.swift; sourceTree = "<group>"; };
		FF31D3252B796FBE00EB420C /* ILocationSet.swift */ = {isa = PBXFileReference; lastKnownFileType = sourcecode.swift; path = ILocationSet.swift; sourceTree = "<group>"; };
		FF31D3272B79721B00EB420C /* LocationSet0.swift */ = {isa = PBXFileReference; lastKnownFileType = sourcecode.swift; path = LocationSet0.swift; sourceTree = "<group>"; };
		FF31D3292B79750600EB420C /* LocationSet4.swift */ = {isa = PBXFileReference; lastKnownFileType = sourcecode.swift; path = LocationSet4.swift; sourceTree = "<group>"; };
		FF31D32B2B79762300EB420C /* LocationSet6.swift */ = {isa = PBXFileReference; lastKnownFileType = sourcecode.swift; path = LocationSet6.swift; sourceTree = "<group>"; };
		FF31D32E2B79CC3900EB420C /* Locations.swift */ = {isa = PBXFileReference; lastKnownFileType = sourcecode.swift; path = Locations.swift; sourceTree = "<group>"; };
		FF31D3302B7B0A5000EB420C /* Locations4.swift */ = {isa = PBXFileReference; lastKnownFileType = sourcecode.swift; path = Locations4.swift; sourceTree = "<group>"; };
		FF31D3322B7B0D8800EB420C /* Locations5.swift */ = {isa = PBXFileReference; lastKnownFileType = sourcecode.swift; path = Locations5.swift; sourceTree = "<group>"; };
		FF31D3342B82762500EB420C /* Locations6.swift */ = {isa = PBXFileReference; lastKnownFileType = sourcecode.swift; path = Locations6.swift; sourceTree = "<group>"; };
		FF31D3362B82777100EB420C /* Locations7.swift */ = {isa = PBXFileReference; lastKnownFileType = sourcecode.swift; path = Locations7.swift; sourceTree = "<group>"; };
		FF31D3382B82782400EB420C /* Locations7b.swift */ = {isa = PBXFileReference; lastKnownFileType = sourcecode.swift; path = Locations7b.swift; sourceTree = "<group>"; };
		FF31D33A2B8278C400EB420C /* Locations8.swift */ = {isa = PBXFileReference; lastKnownFileType = sourcecode.swift; path = Locations8.swift; sourceTree = "<group>"; };
		FF31D33C2B8279E800EB420C /* Locations8a.swift */ = {isa = PBXFileReference; lastKnownFileType = sourcecode.swift; path = Locations8a.swift; sourceTree = "<group>"; };
		FF31D33E2B827AB200EB420C /* Locations8b.swift */ = {isa = PBXFileReference; lastKnownFileType = sourcecode.swift; path = Locations8b.swift; sourceTree = "<group>"; };
		FF31D3402B827B7D00EB420C /* Locations9.swift */ = {isa = PBXFileReference; lastKnownFileType = sourcecode.swift; path = Locations9.swift; sourceTree = "<group>"; };
		FF31D3422B827C9100EB420C /* LocationsHOME.swift */ = {isa = PBXFileReference; lastKnownFileType = sourcecode.swift; path = LocationsHOME.swift; sourceTree = "<group>"; };
		FF31D3442B82863F00EB420C /* LocationRemapState.swift */ = {isa = PBXFileReference; lastKnownFileType = sourcecode.swift; path = LocationRemapState.swift; sourceTree = "<group>"; };
		FF31D3472B82897A00EB420C /* HeldItemLumpImage.swift */ = {isa = PBXFileReference; lastKnownFileType = sourcecode.swift; path = HeldItemLumpImage.swift; sourceTree = "<group>"; };
		FF31D3492B858A4100EB420C /* IItemStorage.swift */ = {isa = PBXFileReference; lastKnownFileType = sourcecode.swift; path = IItemStorage.swift; sourceTree = "<group>"; };
		FF31D34E2B858AD300EB420C /* InventoryType.swift */ = {isa = PBXFileReference; lastKnownFileType = sourcecode.swift; path = InventoryType.swift; sourceTree = "<group>"; };
		FF31D3502B85AA4300EB420C /* ItemStorage1.swift */ = {isa = PBXFileReference; lastKnownFileType = sourcecode.swift; path = ItemStorage1.swift; sourceTree = "<group>"; };
		FF31D3522B85AAED00EB420C /* ItemStorage2.swift */ = {isa = PBXFileReference; lastKnownFileType = sourcecode.swift; path = ItemStorage2.swift; sourceTree = "<group>"; };
		FF31D35C2B86E70300EB420C /* ItemStorage3.swift */ = {isa = PBXFileReference; lastKnownFileType = sourcecode.swift; path = ItemStorage3.swift; sourceTree = "<group>"; };
		FF31D35E2B86EF9600EB420C /* ItemStorage4.swift */ = {isa = PBXFileReference; lastKnownFileType = sourcecode.swift; path = ItemStorage4.swift; sourceTree = "<group>"; };
		FF4A9D582B71BD1E00C4B5F5 /* PKHeXMac.app */ = {isa = PBXFileReference; explicitFileType = wrapper.application; includeInIndex = 0; path = PKHeXMac.app; sourceTree = BUILT_PRODUCTS_DIR; };
		FF4A9D5B2B71BD1E00C4B5F5 /* PKHeXMacApp.swift */ = {isa = PBXFileReference; lastKnownFileType = sourcecode.swift; path = PKHeXMacApp.swift; sourceTree = "<group>"; };
		FF4A9D5D2B71BD1E00C4B5F5 /* ContentView.swift */ = {isa = PBXFileReference; lastKnownFileType = sourcecode.swift; path = ContentView.swift; sourceTree = "<group>"; };
		FF4A9D5F2B71BD1F00C4B5F5 /* Assets.xcassets */ = {isa = PBXFileReference; lastKnownFileType = folder.assetcatalog; path = Assets.xcassets; sourceTree = "<group>"; };
		FF4A9D622B71BD1F00C4B5F5 /* Preview Assets.xcassets */ = {isa = PBXFileReference; lastKnownFileType = folder.assetcatalog; path = "Preview Assets.xcassets"; sourceTree = "<group>"; };
		FF4A9D642B71BD1F00C4B5F5 /* PKHeXMac.entitlements */ = {isa = PBXFileReference; lastKnownFileType = text.plist.entitlements; path = PKHeXMac.entitlements; sourceTree = "<group>"; };
		FF4A9D6D2B71BD5E00C4B5F5 /* PokeSizeDetailed.swift */ = {isa = PBXFileReference; lastKnownFileType = sourcecode.swift; path = PokeSizeDetailed.swift; sourceTree = "<group>"; };
		FF4A9D6F2B71C0B000C4B5F5 /* AlcremieDecoration.swift */ = {isa = PBXFileReference; lastKnownFileType = sourcecode.swift; path = AlcremieDecoration.swift; sourceTree = "<group>"; };
		FF4A9D712B71C17E00C4B5F5 /* GroundTileType.swift */ = {isa = PBXFileReference; lastKnownFileType = sourcecode.swift; path = GroundTileType.swift; sourceTree = "<group>"; };
		FF5067FB2B8A422000DF64A8 /* ItemStorage5.swift */ = {isa = PBXFileReference; lastKnownFileType = sourcecode.swift; path = ItemStorage5.swift; sourceTree = "<group>"; };
		FF5067FD2B8A4C1900DF64A8 /* ItemStorage6.swift */ = {isa = PBXFileReference; lastKnownFileType = sourcecode.swift; path = ItemStorage6.swift; sourceTree = "<group>"; };
		FF5067FF2B8A50F000DF64A8 /* ItemStorage7GG.swift */ = {isa = PBXFileReference; lastKnownFileType = sourcecode.swift; path = ItemStorage7GG.swift; sourceTree = "<group>"; };
		FF5068012B9132F500DF64A8 /* ItemStorage7.swift */ = {isa = PBXFileReference; lastKnownFileType = sourcecode.swift; path = ItemStorage7.swift; sourceTree = "<group>"; };
		FF5068032B9139E800DF64A8 /* ItemStorage8BDSP.swift */ = {isa = PBXFileReference; lastKnownFileType = sourcecode.swift; path = ItemStorage8BDSP.swift; sourceTree = "<group>"; };
		FF5068052B913DB600DF64A8 /* ItemStorage8LA.swift */ = {isa = PBXFileReference; lastKnownFileType = sourcecode.swift; path = ItemStorage8LA.swift; sourceTree = "<group>"; };
		FF5068072B913E9900DF64A8 /* ItemStorage8SWSH.swift */ = {isa = PBXFileReference; lastKnownFileType = sourcecode.swift; path = ItemStorage8SWSH.swift; sourceTree = "<group>"; };
		FF5068092B91434F00DF64A8 /* ItemStorage9.swift */ = {isa = PBXFileReference; lastKnownFileType = sourcecode.swift; path = ItemStorage9.swift; sourceTree = "<group>"; };
		FF50680B2B91776000DF64A8 /* Breeding.swift */ = {isa = PBXFileReference; lastKnownFileType = sourcecode.swift; path = Breeding.swift; sourceTree = "<group>"; };
		FF50680E2B918E6600DF64A8 /* SpeciesCategory.swift */ = {isa = PBXFileReference; lastKnownFileType = sourcecode.swift; path = SpeciesCategory.swift; sourceTree = "<group>"; };
		FF5068102B91920400DF64A8 /* FormChange.swift */ = {isa = PBXFileReference; lastKnownFileType = sourcecode.swift; path = FormChange.swift; sourceTree = "<group>"; };
		FF5068152B91943400DF64A8 /* LearnOption.swift */ = {isa = PBXFileReference; lastKnownFileType = sourcecode.swift; path = LearnOption.swift; sourceTree = "<group>"; };
		FF5068172B92C0A700DF64A8 /* FormInfo.swift */ = {isa = PBXFileReference; lastKnownFileType = sourcecode.swift; path = FormInfo.swift; sourceTree = "<group>"; };
		FF50681B2B92D19600DF64A8 /* IPersonalFormInfo.swift */ = {isa = PBXFileReference; lastKnownFileType = sourcecode.swift; path = IPersonalFormInfo.swift; sourceTree = "<group>"; };
		FF50681D2B92D2DF00DF64A8 /* FormItem.swift */ = {isa = PBXFileReference; lastKnownFileType = sourcecode.swift; path = FormItem.swift; sourceTree = "<group>"; };
		FF50681F2B92D71900DF64A8 /* MystryMew.swift */ = {isa = PBXFileReference; lastKnownFileType = sourcecode.swift; path = MystryMew.swift; sourceTree = "<group>"; };
		FF5068222B92D7AE00DF64A8 /* PIDType.swift */ = {isa = PBXFileReference; lastKnownFileType = sourcecode.swift; path = PIDType.swift; sourceTree = "<group>"; };
		FF5068252B92DD6400DF64A8 /* LCRNG.swift */ = {isa = PBXFileReference; lastKnownFileType = sourcecode.swift; path = LCRNG.swift; sourceTree = "<group>"; };
/* End PBXFileReference section */

/* Begin PBXFrameworksBuildPhase section */
		FF4A9D552B71BD1E00C4B5F5 /* Frameworks */ = {
			isa = PBXFrameworksBuildPhase;
			buildActionMask = 2147483647;
			files = (
			);
			runOnlyForDeploymentPostprocessing = 0;
		};
/* End PBXFrameworksBuildPhase section */

/* Begin PBXGroup section */
		FF31D2E32B71CCB500EB420C /* Interfaces */ = {
			isa = PBXGroup;
			children = (
				FF31D2E62B71CDE600EB420C /* Metadata */,
				FF31D2E72B71CDF900EB420C /* ITrainerID.swift */,
				FF31D2E92B71D04700EB420C /* ITrainerID32.swift */,
			);
			path = Interfaces;
			sourceTree = "<group>";
		};
		FF31D2E62B71CDE600EB420C /* Metadata */ = {
			isa = PBXGroup;
			children = (
				FF31D2E42B71CD4400EB420C /* SpeciesForm.swift */,
			);
			path = Metadata;
			sourceTree = "<group>";
		};
		FF31D2EB2B71E79400EB420C /* Util */ = {
			isa = PBXGroup;
			children = (
				FF31D2EC2B71E79F00EB420C /* EntityContext.swift */,
				FF31D2F22B71ED9300EB420C /* GameConsole.swift */,
			);
			path = Util;
			sourceTree = "<group>";
		};
		FF31D2EE2B71E8B800EB420C /* Game */ = {
			isa = PBXGroup;
			children = (
				FF31D32D2B79CC2E00EB420C /* Locations */,
				FF31D3152B746FC100EB420C /* GameStrings */,
				FF31D2EF2B71E8BC00EB420C /* Enums */,
				FF31D3112B746A2300EB420C /* ComboItem.swift */,
				FF31D3132B746BB400EB420C /* IBasicStrings.swift */,
			);
			path = Game;
			sourceTree = "<group>";
		};
		FF31D2EF2B71E8BC00EB420C /* Enums */ = {
			isa = PBXGroup;
			children = (
				FF31D2FB2B730A2A00EB420C /* Ability.swift */,
				FF31D2FD2B730AA000EB420C /* Ball.swift */,
				FF31D2F02B71E8C800EB420C /* GameVersion.swift */,
				FF31D2FF2B730B3F00EB420C /* Gender.swift */,
				FF31D30B2B7322A400EB420C /* LanguageID.swift */,
				FF31D3012B730BC900EB420C /* Move.swift */,
				FF31D3032B730C1900EB420C /* MoveType.swift */,
				FF31D3052B731E2A00EB420C /* Nature.swift */,
				FF31D3092B73224200EB420C /* Region.swift */,
				FF31D2F92B7309D400EB420C /* Species.swift */,
			);
			path = Enums;
			sourceTree = "<group>";
		};
		FF31D2F62B73080E00EB420C /* Legality */ = {
			isa = PBXGroup;
			children = (
				FF5068212B92D7A200DF64A8 /* RNG */,
				FF5068122B91941400DF64A8 /* LearnSource */,
				FF50680D2B918E3600DF64A8 /* Tables */,
				FF31D2F72B73081A00EB420C /* Core.swift */,
				FF50680B2B91776000DF64A8 /* Breeding.swift */,
			);
			path = Legality;
			sourceTree = "<group>";
		};
		FF31D3152B746FC100EB420C /* GameStrings */ = {
			isa = PBXGroup;
			children = (
				FF31D3242B796FB400EB420C /* LocationSet */,
				FF31D3162B746FE800EB420C /* ProgramLanguage.swift */,
				FF31D3182B74703700EB420C /* GameStrings.swift */,
				FF31D31A2B7470A600EB420C /* GameLanguage.swift */,
			);
			path = GameStrings;
			sourceTree = "<group>";
		};
		FF31D31D2B74776900EB420C /* Util */ = {
			isa = PBXGroup;
			children = (
				FF31D31E2B74777700EB420C /* ResourceUtil.swift */,
				FF31D3222B74838500EB420C /* Lock.swift */,
			);
			path = Util;
			sourceTree = "<group>";
		};
		FF31D3242B796FB400EB420C /* LocationSet */ = {
			isa = PBXGroup;
			children = (
				FF31D3252B796FBE00EB420C /* ILocationSet.swift */,
				FF31D3272B79721B00EB420C /* LocationSet0.swift */,
				FF31D3292B79750600EB420C /* LocationSet4.swift */,
				FF31D32B2B79762300EB420C /* LocationSet6.swift */,
			);
			path = LocationSet;
			sourceTree = "<group>";
		};
		FF31D32D2B79CC2E00EB420C /* Locations */ = {
			isa = PBXGroup;
			children = (
				FF31D32E2B79CC3900EB420C /* Locations.swift */,
				FF31D3302B7B0A5000EB420C /* Locations4.swift */,
				FF31D3322B7B0D8800EB420C /* Locations5.swift */,
				FF31D3342B82762500EB420C /* Locations6.swift */,
				FF31D3362B82777100EB420C /* Locations7.swift */,
				FF31D3382B82782400EB420C /* Locations7b.swift */,
				FF31D33A2B8278C400EB420C /* Locations8.swift */,
				FF31D33C2B8279E800EB420C /* Locations8a.swift */,
				FF31D33E2B827AB200EB420C /* Locations8b.swift */,
				FF31D3402B827B7D00EB420C /* Locations9.swift */,
				FF31D3422B827C9100EB420C /* LocationsHOME.swift */,
				FF31D3442B82863F00EB420C /* LocationRemapState.swift */,
			);
			path = Locations;
			sourceTree = "<group>";
		};
		FF31D3462B82896F00EB420C /* Items */ = {
			isa = PBXGroup;
			children = (
				FF31D3472B82897A00EB420C /* HeldItemLumpImage.swift */,
				FF31D3492B858A4100EB420C /* IItemStorage.swift */,
				FF31D3502B85AA4300EB420C /* ItemStorage1.swift */,
				FF31D3522B85AAED00EB420C /* ItemStorage2.swift */,
				FF31D35C2B86E70300EB420C /* ItemStorage3.swift */,
				FF31D35E2B86EF9600EB420C /* ItemStorage4.swift */,
				FF5067FB2B8A422000DF64A8 /* ItemStorage5.swift */,
				FF5067FD2B8A4C1900DF64A8 /* ItemStorage6.swift */,
				FF5067FF2B8A50F000DF64A8 /* ItemStorage7GG.swift */,
				FF5068012B9132F500DF64A8 /* ItemStorage7.swift */,
				FF5068032B9139E800DF64A8 /* ItemStorage8BDSP.swift */,
				FF5068052B913DB600DF64A8 /* ItemStorage8LA.swift */,
				FF5068072B913E9900DF64A8 /* ItemStorage8SWSH.swift */,
				FF5068092B91434F00DF64A8 /* ItemStorage9.swift */,
			);
			path = Items;
			sourceTree = "<group>";
		};
		FF31D34B2B858ABE00EB420C /* Saves */ = {
			isa = PBXGroup;
			children = (
				FF31D34C2B858AC300EB420C /* Substructures */,
			);
			path = Saves;
			sourceTree = "<group>";
		};
		FF31D34C2B858AC300EB420C /* Substructures */ = {
			isa = PBXGroup;
			children = (
				FF31D34D2B858ACA00EB420C /* Inventory */,
			);
			path = Substructures;
			sourceTree = "<group>";
		};
		FF31D34D2B858ACA00EB420C /* Inventory */ = {
			isa = PBXGroup;
			children = (
				FF31D34E2B858AD300EB420C /* InventoryType.swift */,
			);
			path = Inventory;
			sourceTree = "<group>";
		};
		FF4A9D4F2B71BD1E00C4B5F5 = {
			isa = PBXGroup;
			children = (
				FF31D3202B747CAB00EB420C /* Resources */,
				FF31D3102B74499900EB420C /* Progress.md */,
				FF4A9D5A2B71BD1E00C4B5F5 /* PKHeXMac */,
				FF4A9D592B71BD1E00C4B5F5 /* Products */,
			);
			sourceTree = "<group>";
		};
		FF4A9D592B71BD1E00C4B5F5 /* Products */ = {
			isa = PBXGroup;
			children = (
				FF4A9D582B71BD1E00C4B5F5 /* PKHeXMac.app */,
			);
			name = Products;
			sourceTree = "<group>";
		};
		FF4A9D5A2B71BD1E00C4B5F5 /* PKHeXMac */ = {
			isa = PBXGroup;
			children = (
				FF4A9D6A2B71BD3600C4B5F5 /* Core */,
				FF4A9D5B2B71BD1E00C4B5F5 /* PKHeXMacApp.swift */,
				FF4A9D5D2B71BD1E00C4B5F5 /* ContentView.swift */,
				FF4A9D5F2B71BD1F00C4B5F5 /* Assets.xcassets */,
				FF4A9D642B71BD1F00C4B5F5 /* PKHeXMac.entitlements */,
				FF4A9D612B71BD1F00C4B5F5 /* Preview Content */,
			);
			path = PKHeXMac;
			sourceTree = "<group>";
		};
		FF4A9D612B71BD1F00C4B5F5 /* Preview Content */ = {
			isa = PBXGroup;
			children = (
				FF4A9D622B71BD1F00C4B5F5 /* Preview Assets.xcassets */,
			);
			path = "Preview Content";
			sourceTree = "<group>";
		};
		FF4A9D6A2B71BD3600C4B5F5 /* Core */ = {
			isa = PBXGroup;
			children = (
				FF5068192B92D17800DF64A8 /* PersonalInfo */,
				FF31D34B2B858ABE00EB420C /* Saves */,
				FF31D3462B82896F00EB420C /* Items */,
				FF31D2EE2B71E8B800EB420C /* Game */,
				FF31D2F62B73080E00EB420C /* Legality */,
				FF4A9D6B2B71BD4200C4B5F5 /* PKM */,
				FF31D31D2B74776900EB420C /* Util */,
			);
			path = Core;
			sourceTree = "<group>";
		};
		FF4A9D6B2B71BD4200C4B5F5 /* PKM */ = {
			isa = PBXGroup;
			children = (
				FF31D2EB2B71E79400EB420C /* Util */,
				FF31D2E32B71CCB500EB420C /* Interfaces */,
				FF4A9D6C2B71BD4900C4B5F5 /* Enums */,
				FF31D2E12B71CC5900EB420C /* PKM.swift */,
			);
			path = PKM;
			sourceTree = "<group>";
		};
		FF4A9D6C2B71BD4900C4B5F5 /* Enums */ = {
			isa = PBXGroup;
			children = (
				FF4A9D6D2B71BD5E00C4B5F5 /* PokeSizeDetailed.swift */,
				FF4A9D6F2B71C0B000C4B5F5 /* AlcremieDecoration.swift */,
				FF4A9D712B71C17E00C4B5F5 /* GroundTileType.swift */,
				FF31D2DD2B71C72800EB420C /* PokeSize.swift */,
				FF31D2DF2B71CB3F00EB420C /* OriginMark.swift */,
			);
			path = Enums;
			sourceTree = "<group>";
		};
		FF50680D2B918E3600DF64A8 /* Tables */ = {
			isa = PBXGroup;
			children = (
				FF50680E2B918E6600DF64A8 /* SpeciesCategory.swift */,
				FF5068102B91920400DF64A8 /* FormChange.swift */,
				FF5068172B92C0A700DF64A8 /* FormInfo.swift */,
				FF50681D2B92D2DF00DF64A8 /* FormItem.swift */,
				FF50681F2B92D71900DF64A8 /* MystryMew.swift */,
			);
			path = Tables;
			sourceTree = "<group>";
		};
		FF5068122B91941400DF64A8 /* LearnSource */ = {
			isa = PBXGroup;
			children = (
				FF5068132B91942500DF64A8 /* Sources */,
			);
			path = LearnSource;
			sourceTree = "<group>";
		};
		FF5068132B91942500DF64A8 /* Sources */ = {
			isa = PBXGroup;
			children = (
				FF5068142B91942C00DF64A8 /* Shared */,
			);
			path = Sources;
			sourceTree = "<group>";
		};
		FF5068142B91942C00DF64A8 /* Shared */ = {
			isa = PBXGroup;
			children = (
				FF5068152B91943400DF64A8 /* LearnOption.swift */,
			);
			path = Shared;
			sourceTree = "<group>";
		};
		FF5068192B92D17800DF64A8 /* PersonalInfo */ = {
			isa = PBXGroup;
			children = (
				FF50681A2B92D18800DF64A8 /* Interfaces */,
			);
			path = PersonalInfo;
			sourceTree = "<group>";
		};
		FF50681A2B92D18800DF64A8 /* Interfaces */ = {
			isa = PBXGroup;
			children = (
				FF50681B2B92D19600DF64A8 /* IPersonalFormInfo.swift */,
			);
			path = Interfaces;
			sourceTree = "<group>";
		};
		FF5068212B92D7A200DF64A8 /* RNG */ = {
			isa = PBXGroup;
			children = (
				FF5068242B92DD4700DF64A8 /* Algorithms */,
				FF5068222B92D7AE00DF64A8 /* PIDType.swift */,
			);
			path = RNG;
			sourceTree = "<group>";
		};
		FF5068242B92DD4700DF64A8 /* Algorithms */ = {
			isa = PBXGroup;
			children = (
				FF5068252B92DD6400DF64A8 /* LCRNG.swift */,
			);
			path = Algorithms;
			sourceTree = "<group>";
		};
/* End PBXGroup section */

/* Begin PBXNativeTarget section */
		FF4A9D572B71BD1E00C4B5F5 /* PKHeXMac */ = {
			isa = PBXNativeTarget;
			buildConfigurationList = FF4A9D672B71BD1F00C4B5F5 /* Build configuration list for PBXNativeTarget "PKHeXMac" */;
			buildPhases = (
				FF4A9D542B71BD1E00C4B5F5 /* Sources */,
				FF4A9D552B71BD1E00C4B5F5 /* Frameworks */,
				FF4A9D562B71BD1E00C4B5F5 /* Resources */,
			);
			buildRules = (
			);
			dependencies = (
			);
			name = PKHeXMac;
			productName = PKHeXMac;
			productReference = FF4A9D582B71BD1E00C4B5F5 /* PKHeXMac.app */;
			productType = "com.apple.product-type.application";
		};
/* End PBXNativeTarget section */

/* Begin PBXProject section */
		FF4A9D502B71BD1E00C4B5F5 /* Project object */ = {
			isa = PBXProject;
			attributes = {
				BuildIndependentTargetsInParallel = 1;
				LastSwiftUpdateCheck = 1500;
				LastUpgradeCheck = 1520;
				TargetAttributes = {
					FF4A9D572B71BD1E00C4B5F5 = {
						CreatedOnToolsVersion = 15.0.1;
					};
				};
			};
			buildConfigurationList = FF4A9D532B71BD1E00C4B5F5 /* Build configuration list for PBXProject "PKHeXMac" */;
			compatibilityVersion = "Xcode 14.0";
			developmentRegion = en;
			hasScannedForEncodings = 0;
			knownRegions = (
				en,
				Base,
			);
			mainGroup = FF4A9D4F2B71BD1E00C4B5F5;
			productRefGroup = FF4A9D592B71BD1E00C4B5F5 /* Products */;
			projectDirPath = "";
			projectRoot = "";
			targets = (
				FF4A9D572B71BD1E00C4B5F5 /* PKHeXMac */,
			);
		};
/* End PBXProject section */

/* Begin PBXResourcesBuildPhase section */
		FF4A9D562B71BD1E00C4B5F5 /* Resources */ = {
			isa = PBXResourcesBuildPhase;
			buildActionMask = 2147483647;
			files = (
				FF4A9D632B71BD1F00C4B5F5 /* Preview Assets.xcassets in Resources */,
				FF4A9D602B71BD1F00C4B5F5 /* Assets.xcassets in Resources */,
				FF31D3212B747CAB00EB420C /* Resources in Resources */,
			);
			runOnlyForDeploymentPostprocessing = 0;
		};
/* End PBXResourcesBuildPhase section */

/* Begin PBXSourcesBuildPhase section */
		FF4A9D542B71BD1E00C4B5F5 /* Sources */ = {
			isa = PBXSourcesBuildPhase;
			buildActionMask = 2147483647;
			files = (
				FF4A9D5E2B71BD1E00C4B5F5 /* ContentView.swift in Sources */,
				FF31D2F32B71ED9300EB420C /* GameConsole.swift in Sources */,
				FF31D3452B82863F00EB420C /* LocationRemapState.swift in Sources */,
				FF31D32C2B79762300EB420C /* LocationSet6.swift in Sources */,
				FF31D2EA2B71D04700EB420C /* ITrainerID32.swift in Sources */,
				FF31D2E52B71CD4400EB420C /* SpeciesForm.swift in Sources */,
				FF31D2E82B71CDF900EB420C /* ITrainerID.swift in Sources */,
				FF31D2ED2B71E79F00EB420C /* EntityContext.swift in Sources */,
				FF5068022B9132F500DF64A8 /* ItemStorage7.swift in Sources */,
				FF5068082B913E9900DF64A8 /* ItemStorage8SWSH.swift in Sources */,
				FF31D3512B85AA4300EB420C /* ItemStorage1.swift in Sources */,
				FF31D3142B746BB400EB420C /* IBasicStrings.swift in Sources */,
				FF31D3282B79721B00EB420C /* LocationSet0.swift in Sources */,
				FF31D2E02B71CB3F00EB420C /* OriginMark.swift in Sources */,
				FF31D3352B82762500EB420C /* Locations6.swift in Sources */,
				FF31D3022B730BC900EB420C /* Move.swift in Sources */,
				FF31D32A2B79750600EB420C /* LocationSet4.swift in Sources */,
				FF31D33B2B8278C400EB420C /* Locations8.swift in Sources */,
				FF31D3482B82897A00EB420C /* HeldItemLumpImage.swift in Sources */,
				FF31D2DE2B71C72800EB420C /* PokeSize.swift in Sources */,
				FF31D3172B746FE800EB420C /* ProgramLanguage.swift in Sources */,
				FF5067FC2B8A422000DF64A8 /* ItemStorage5.swift in Sources */,
				FF5068042B9139E800DF64A8 /* ItemStorage8BDSP.swift in Sources */,
				FF31D3332B7B0D8800EB420C /* Locations5.swift in Sources */,
				FF4A9D722B71C17E00C4B5F5 /* GroundTileType.swift in Sources */,
				FF5068232B92D7AE00DF64A8 /* PIDType.swift in Sources */,
				FF31D3192B74703700EB420C /* GameStrings.swift in Sources */,
				FF31D3392B82782400EB420C /* Locations7b.swift in Sources */,
				FF31D34F2B858AD300EB420C /* InventoryType.swift in Sources */,
				FF31D3312B7B0A5000EB420C /* Locations4.swift in Sources */,
				FF31D2FE2B730AA000EB420C /* Ball.swift in Sources */,
				FF5068002B8A50F000DF64A8 /* ItemStorage7GG.swift in Sources */,
				FF5068202B92D71900DF64A8 /* MystryMew.swift in Sources */,
				FF31D3412B827B7D00EB420C /* Locations9.swift in Sources */,
				FF31D33F2B827AB200EB420C /* Locations8b.swift in Sources */,
				FF31D2E22B71CC5900EB420C /* PKM.swift in Sources */,
				FF50681E2B92D2DF00DF64A8 /* FormItem.swift in Sources */,
				FF31D35F2B86EF9600EB420C /* ItemStorage4.swift in Sources */,
				FF50680C2B91776000DF64A8 /* Breeding.swift in Sources */,
				FF31D32F2B79CC3900EB420C /* Locations.swift in Sources */,
				FF31D3372B82777100EB420C /* Locations7.swift in Sources */,
				FF31D2FC2B730A2A00EB420C /* Ability.swift in Sources */,
				FF5068182B92C0A700DF64A8 /* FormInfo.swift in Sources */,
				FF50680A2B91434F00DF64A8 /* ItemStorage9.swift in Sources */,
				FF4A9D702B71C0B000C4B5F5 /* AlcremieDecoration.swift in Sources */,
				FF31D30C2B7322A400EB420C /* LanguageID.swift in Sources */,
				FF31D33D2B8279E800EB420C /* Locations8a.swift in Sources */,
				FF31D3062B731E2A00EB420C /* Nature.swift in Sources */,
				FF31D2F12B71E8C800EB420C /* GameVersion.swift in Sources */,
				FF31D3042B730C1900EB420C /* MoveType.swift in Sources */,
				FF4A9D5C2B71BD1E00C4B5F5 /* PKHeXMacApp.swift in Sources */,
				FF31D3532B85AAED00EB420C /* ItemStorage2.swift in Sources */,
				FF31D3002B730B3F00EB420C /* Gender.swift in Sources */,
				FF31D30A2B73224200EB420C /* Region.swift in Sources */,
				FF50681C2B92D19600DF64A8 /* IPersonalFormInfo.swift in Sources */,
				FF31D2F82B73081A00EB420C /* Core.swift in Sources */,
				FF31D34A2B858A4100EB420C /* IItemStorage.swift in Sources */,
				FF31D31F2B74777700EB420C /* ResourceUtil.swift in Sources */,
				FF5067FE2B8A4C1900DF64A8 /* ItemStorage6.swift in Sources */,
				FF31D31B2B7470A600EB420C /* GameLanguage.swift in Sources */,
				FF5068262B92DD6400DF64A8 /* LCRNG.swift in Sources */,
				FF31D35D2B86E70300EB420C /* ItemStorage3.swift in Sources */,
				FF31D3262B796FBE00EB420C /* ILocationSet.swift in Sources */,
				FF31D3122B746A2300EB420C /* ComboItem.swift in Sources */,
				FF50680F2B918E6600DF64A8 /* SpeciesCategory.swift in Sources */,
				FF5068112B91920400DF64A8 /* FormChange.swift in Sources */,
				FF4A9D6E2B71BD5E00C4B5F5 /* PokeSizeDetailed.swift in Sources */,
				FF5068062B913DB600DF64A8 /* ItemStorage8LA.swift in Sources */,
				FF31D3432B827C9100EB420C /* LocationsHOME.swift in Sources */,
				FF31D2FA2B7309D400EB420C /* Species.swift in Sources */,
				FF31D3232B74838500EB420C /* Lock.swift in Sources */,
				FF5068162B91943400DF64A8 /* LearnOption.swift in Sources */,
			);
			runOnlyForDeploymentPostprocessing = 0;
		};
/* End PBXSourcesBuildPhase section */

/* Begin XCBuildConfiguration section */
		FF4A9D652B71BD1F00C4B5F5 /* Debug */ = {
			isa = XCBuildConfiguration;
			buildSettings = {
				ALWAYS_SEARCH_USER_PATHS = NO;
				ASSETCATALOG_COMPILER_GENERATE_SWIFT_ASSET_SYMBOL_EXTENSIONS = YES;
				CLANG_ANALYZER_NONNULL = YES;
				CLANG_ANALYZER_NUMBER_OBJECT_CONVERSION = YES_AGGRESSIVE;
				CLANG_CXX_LANGUAGE_STANDARD = "gnu++20";
				CLANG_ENABLE_MODULES = YES;
				CLANG_ENABLE_OBJC_ARC = YES;
				CLANG_ENABLE_OBJC_WEAK = YES;
				CLANG_WARN_BLOCK_CAPTURE_AUTORELEASING = YES;
				CLANG_WARN_BOOL_CONVERSION = YES;
				CLANG_WARN_COMMA = YES;
				CLANG_WARN_CONSTANT_CONVERSION = YES;
				CLANG_WARN_DEPRECATED_OBJC_IMPLEMENTATIONS = YES;
				CLANG_WARN_DIRECT_OBJC_ISA_USAGE = YES_ERROR;
				CLANG_WARN_DOCUMENTATION_COMMENTS = YES;
				CLANG_WARN_EMPTY_BODY = YES;
				CLANG_WARN_ENUM_CONVERSION = YES;
				CLANG_WARN_INFINITE_RECURSION = YES;
				CLANG_WARN_INT_CONVERSION = YES;
				CLANG_WARN_NON_LITERAL_NULL_CONVERSION = YES;
				CLANG_WARN_OBJC_IMPLICIT_RETAIN_SELF = YES;
				CLANG_WARN_OBJC_LITERAL_CONVERSION = YES;
				CLANG_WARN_OBJC_ROOT_CLASS = YES_ERROR;
				CLANG_WARN_QUOTED_INCLUDE_IN_FRAMEWORK_HEADER = YES;
				CLANG_WARN_RANGE_LOOP_ANALYSIS = YES;
				CLANG_WARN_STRICT_PROTOTYPES = YES;
				CLANG_WARN_SUSPICIOUS_MOVE = YES;
				CLANG_WARN_UNGUARDED_AVAILABILITY = YES_AGGRESSIVE;
				CLANG_WARN_UNREACHABLE_CODE = YES;
				CLANG_WARN__DUPLICATE_METHOD_MATCH = YES;
				COPY_PHASE_STRIP = NO;
				DEAD_CODE_STRIPPING = YES;
				DEBUG_INFORMATION_FORMAT = dwarf;
				ENABLE_STRICT_OBJC_MSGSEND = YES;
				ENABLE_TESTABILITY = YES;
				ENABLE_USER_SCRIPT_SANDBOXING = NO;
				GCC_C_LANGUAGE_STANDARD = gnu17;
				GCC_DYNAMIC_NO_PIC = NO;
				GCC_NO_COMMON_BLOCKS = YES;
				GCC_OPTIMIZATION_LEVEL = 0;
				GCC_PREPROCESSOR_DEFINITIONS = (
					"DEBUG=1",
					"$(inherited)",
				);
				GCC_WARN_64_TO_32_BIT_CONVERSION = YES;
				GCC_WARN_ABOUT_RETURN_TYPE = YES_ERROR;
				GCC_WARN_UNDECLARED_SELECTOR = YES;
				GCC_WARN_UNINITIALIZED_AUTOS = YES_AGGRESSIVE;
				GCC_WARN_UNUSED_FUNCTION = YES;
				GCC_WARN_UNUSED_VARIABLE = YES;
				LOCALIZATION_PREFERS_STRING_CATALOGS = YES;
				MACOSX_DEPLOYMENT_TARGET = 14.0;
				MTL_ENABLE_DEBUG_INFO = INCLUDE_SOURCE;
				MTL_FAST_MATH = YES;
				ONLY_ACTIVE_ARCH = YES;
				SDKROOT = macosx;
				SWIFT_ACTIVE_COMPILATION_CONDITIONS = "DEBUG $(inherited)";
				SWIFT_OPTIMIZATION_LEVEL = "-Onone";
			};
			name = Debug;
		};
		FF4A9D662B71BD1F00C4B5F5 /* Release */ = {
			isa = XCBuildConfiguration;
			buildSettings = {
				ALWAYS_SEARCH_USER_PATHS = NO;
				ASSETCATALOG_COMPILER_GENERATE_SWIFT_ASSET_SYMBOL_EXTENSIONS = YES;
				CLANG_ANALYZER_NONNULL = YES;
				CLANG_ANALYZER_NUMBER_OBJECT_CONVERSION = YES_AGGRESSIVE;
				CLANG_CXX_LANGUAGE_STANDARD = "gnu++20";
				CLANG_ENABLE_MODULES = YES;
				CLANG_ENABLE_OBJC_ARC = YES;
				CLANG_ENABLE_OBJC_WEAK = YES;
				CLANG_WARN_BLOCK_CAPTURE_AUTORELEASING = YES;
				CLANG_WARN_BOOL_CONVERSION = YES;
				CLANG_WARN_COMMA = YES;
				CLANG_WARN_CONSTANT_CONVERSION = YES;
				CLANG_WARN_DEPRECATED_OBJC_IMPLEMENTATIONS = YES;
				CLANG_WARN_DIRECT_OBJC_ISA_USAGE = YES_ERROR;
				CLANG_WARN_DOCUMENTATION_COMMENTS = YES;
				CLANG_WARN_EMPTY_BODY = YES;
				CLANG_WARN_ENUM_CONVERSION = YES;
				CLANG_WARN_INFINITE_RECURSION = YES;
				CLANG_WARN_INT_CONVERSION = YES;
				CLANG_WARN_NON_LITERAL_NULL_CONVERSION = YES;
				CLANG_WARN_OBJC_IMPLICIT_RETAIN_SELF = YES;
				CLANG_WARN_OBJC_LITERAL_CONVERSION = YES;
				CLANG_WARN_OBJC_ROOT_CLASS = YES_ERROR;
				CLANG_WARN_QUOTED_INCLUDE_IN_FRAMEWORK_HEADER = YES;
				CLANG_WARN_RANGE_LOOP_ANALYSIS = YES;
				CLANG_WARN_STRICT_PROTOTYPES = YES;
				CLANG_WARN_SUSPICIOUS_MOVE = YES;
				CLANG_WARN_UNGUARDED_AVAILABILITY = YES_AGGRESSIVE;
				CLANG_WARN_UNREACHABLE_CODE = YES;
				CLANG_WARN__DUPLICATE_METHOD_MATCH = YES;
				COPY_PHASE_STRIP = NO;
				DEAD_CODE_STRIPPING = YES;
				DEBUG_INFORMATION_FORMAT = "dwarf-with-dsym";
				ENABLE_NS_ASSERTIONS = NO;
				ENABLE_STRICT_OBJC_MSGSEND = YES;
				ENABLE_USER_SCRIPT_SANDBOXING = NO;
				GCC_C_LANGUAGE_STANDARD = gnu17;
				GCC_NO_COMMON_BLOCKS = YES;
				GCC_WARN_64_TO_32_BIT_CONVERSION = YES;
				GCC_WARN_ABOUT_RETURN_TYPE = YES_ERROR;
				GCC_WARN_UNDECLARED_SELECTOR = YES;
				GCC_WARN_UNINITIALIZED_AUTOS = YES_AGGRESSIVE;
				GCC_WARN_UNUSED_FUNCTION = YES;
				GCC_WARN_UNUSED_VARIABLE = YES;
				LOCALIZATION_PREFERS_STRING_CATALOGS = YES;
				MACOSX_DEPLOYMENT_TARGET = 14.0;
				MTL_ENABLE_DEBUG_INFO = NO;
				MTL_FAST_MATH = YES;
				SDKROOT = macosx;
				SWIFT_COMPILATION_MODE = wholemodule;
			};
			name = Release;
		};
		FF4A9D682B71BD1F00C4B5F5 /* Debug */ = {
			isa = XCBuildConfiguration;
			buildSettings = {
				ASSETCATALOG_COMPILER_APPICON_NAME = AppIcon;
				ASSETCATALOG_COMPILER_GLOBAL_ACCENT_COLOR_NAME = AccentColor;
				CODE_SIGN_ENTITLEMENTS = PKHeXMac/PKHeXMac.entitlements;
				CODE_SIGN_STYLE = Automatic;
				COMBINE_HIDPI_IMAGES = YES;
				CURRENT_PROJECT_VERSION = 1;
				DEAD_CODE_STRIPPING = YES;
				DEVELOPMENT_ASSET_PATHS = "\"PKHeXMac/Preview Content\"";
				DEVELOPMENT_TEAM = YT3ZW2DTCZ;
				ENABLE_HARDENED_RUNTIME = YES;
				ENABLE_PREVIEWS = YES;
				GENERATE_INFOPLIST_FILE = YES;
				INFOPLIST_KEY_NSHumanReadableCopyright = "";
				LD_RUNPATH_SEARCH_PATHS = (
					"$(inherited)",
					"@executable_path/../Frameworks",
				);
				MARKETING_VERSION = 1.0;
				PRODUCT_BUNDLE_IDENTIFIER = com.example.PKHeXMac;
				PRODUCT_NAME = "$(TARGET_NAME)";
				SWIFT_EMIT_LOC_STRINGS = YES;
				SWIFT_VERSION = 5.0;
			};
			name = Debug;
		};
		FF4A9D692B71BD1F00C4B5F5 /* Release */ = {
			isa = XCBuildConfiguration;
			buildSettings = {
				ASSETCATALOG_COMPILER_APPICON_NAME = AppIcon;
				ASSETCATALOG_COMPILER_GLOBAL_ACCENT_COLOR_NAME = AccentColor;
				CODE_SIGN_ENTITLEMENTS = PKHeXMac/PKHeXMac.entitlements;
				CODE_SIGN_STYLE = Automatic;
				COMBINE_HIDPI_IMAGES = YES;
				CURRENT_PROJECT_VERSION = 1;
				DEAD_CODE_STRIPPING = YES;
				DEVELOPMENT_ASSET_PATHS = "\"PKHeXMac/Preview Content\"";
				DEVELOPMENT_TEAM = YT3ZW2DTCZ;
				ENABLE_HARDENED_RUNTIME = YES;
				ENABLE_PREVIEWS = YES;
				GENERATE_INFOPLIST_FILE = YES;
				INFOPLIST_KEY_NSHumanReadableCopyright = "";
				LD_RUNPATH_SEARCH_PATHS = (
					"$(inherited)",
					"@executable_path/../Frameworks",
				);
				MARKETING_VERSION = 1.0;
				PRODUCT_BUNDLE_IDENTIFIER = com.example.PKHeXMac;
				PRODUCT_NAME = "$(TARGET_NAME)";
				SWIFT_EMIT_LOC_STRINGS = YES;
				SWIFT_VERSION = 5.0;
			};
			name = Release;
		};
/* End XCBuildConfiguration section */

/* Begin XCConfigurationList section */
		FF4A9D532B71BD1E00C4B5F5 /* Build configuration list for PBXProject "PKHeXMac" */ = {
			isa = XCConfigurationList;
			buildConfigurations = (
				FF4A9D652B71BD1F00C4B5F5 /* Debug */,
				FF4A9D662B71BD1F00C4B5F5 /* Release */,
			);
			defaultConfigurationIsVisible = 0;
			defaultConfigurationName = Release;
		};
		FF4A9D672B71BD1F00C4B5F5 /* Build configuration list for PBXNativeTarget "PKHeXMac" */ = {
			isa = XCConfigurationList;
			buildConfigurations = (
				FF4A9D682B71BD1F00C4B5F5 /* Debug */,
				FF4A9D692B71BD1F00C4B5F5 /* Release */,
			);
			defaultConfigurationIsVisible = 0;
			defaultConfigurationName = Release;
		};
/* End XCConfigurationList section */
	};
	rootObject = FF4A9D502B71BD1E00C4B5F5 /* Project object */;
}
